// !$*UTF8*$!
{
	archiveVersion = 1;
	classes = {
	};
	objectVersion = 56;
	objects = {

/* Begin PBXBuildFile section */
		E1A3C9D72903F1C70087605C /* ExtolTestApp.swift in Sources */ = {isa = PBXBuildFile; fileRef = E1A3C9D62903F1C70087605C /* ExtolTestApp.swift */; };
		E1A3C9D92903F1C70087605C /* MoviesView.swift in Sources */ = {isa = PBXBuildFile; fileRef = E1A3C9D82903F1C70087605C /* MoviesView.swift */; };
		E1A3C9DB2903F1C80087605C /* Assets.xcassets in Resources */ = {isa = PBXBuildFile; fileRef = E1A3C9DA2903F1C80087605C /* Assets.xcassets */; };
		E1A3C9DE2903F1C80087605C /* Preview Assets.xcassets in Resources */ = {isa = PBXBuildFile; fileRef = E1A3C9DD2903F1C80087605C /* Preview Assets.xcassets */; };
		E1A3C9E92903F2D50087605C /* Strings.swift in Sources */ = {isa = PBXBuildFile; fileRef = E1A3C9E82903F2D50087605C /* Strings.swift */; };
		E1A3C9EB2903F2DE0087605C /* ApiUrls.swift in Sources */ = {isa = PBXBuildFile; fileRef = E1A3C9EA2903F2DE0087605C /* ApiUrls.swift */; };
		E1A3C9EE2903F8740087605C /* MoviesViewModel.swift in Sources */ = {isa = PBXBuildFile; fileRef = E1A3C9ED2903F8740087605C /* MoviesViewModel.swift */; };
		E1A3C9F02903FA1F0087605C /* ResultModel.swift in Sources */ = {isa = PBXBuildFile; fileRef = E1A3C9EF2903FA1F0087605C /* ResultModel.swift */; };
		E1A3C9F22903FA470087605C /* AllMoviesModel.swift in Sources */ = {isa = PBXBuildFile; fileRef = E1A3C9F12903FA470087605C /* AllMoviesModel.swift */; };
		E1A3C9F42903FC1C0087605C /* MovieModel.swift in Sources */ = {isa = PBXBuildFile; fileRef = E1A3C9F32903FC1C0087605C /* MovieModel.swift */; };
		E1A3C9F7290403310087605C /* MovieTileView.swift in Sources */ = {isa = PBXBuildFile; fileRef = E1A3C9F6290403310087605C /* MovieTileView.swift */; };
		E1A3C9F9290411A00087605C /* APIParamsKey.swift in Sources */ = {isa = PBXBuildFile; fileRef = E1A3C9F8290411A00087605C /* APIParamsKey.swift */; };
		E1A3C9FB290423540087605C /* MovieParamObject.swift in Sources */ = {isa = PBXBuildFile; fileRef = E1A3C9FA290423540087605C /* MovieParamObject.swift */; };
		E1A3C9FE290454950087605C /* Extension.swift in Sources */ = {isa = PBXBuildFile; fileRef = E1A3C9FD290454950087605C /* Extension.swift */; };
		E1A3CA00290463F90087605C /* MovieDetailView.swift in Sources */ = {isa = PBXBuildFile; fileRef = E1A3C9FF290463F90087605C /* MovieDetailView.swift */; };
		E1A3CA0229048EE10087605C /* MovieHeaderView.swift in Sources */ = {isa = PBXBuildFile; fileRef = E1A3CA0129048EE10087605C /* MovieHeaderView.swift */; };
		E1A3CA04290490EC0087605C /* Utils.swift in Sources */ = {isa = PBXBuildFile; fileRef = E1A3CA03290490EC0087605C /* Utils.swift */; };
/* End PBXBuildFile section */

/* Begin PBXFileReference section */
		E1A3C9D32903F1C70087605C /* ExtolTest.app */ = {isa = PBXFileReference; explicitFileType = wrapper.application; includeInIndex = 0; path = ExtolTest.app; sourceTree = BUILT_PRODUCTS_DIR; };
		E1A3C9D62903F1C70087605C /* ExtolTestApp.swift */ = {isa = PBXFileReference; lastKnownFileType = sourcecode.swift; path = ExtolTestApp.swift; sourceTree = "<group>"; };
		E1A3C9D82903F1C70087605C /* MoviesView.swift */ = {isa = PBXFileReference; lastKnownFileType = sourcecode.swift; path = MoviesView.swift; sourceTree = "<group>"; };
		E1A3C9DA2903F1C80087605C /* Assets.xcassets */ = {isa = PBXFileReference; lastKnownFileType = folder.assetcatalog; path = Assets.xcassets; sourceTree = "<group>"; };
		E1A3C9DD2903F1C80087605C /* Preview Assets.xcassets */ = {isa = PBXFileReference; lastKnownFileType = folder.assetcatalog; path = "Preview Assets.xcassets"; sourceTree = "<group>"; };
		E1A3C9E82903F2D50087605C /* Strings.swift */ = {isa = PBXFileReference; lastKnownFileType = sourcecode.swift; path = Strings.swift; sourceTree = "<group>"; };
		E1A3C9EA2903F2DE0087605C /* ApiUrls.swift */ = {isa = PBXFileReference; lastKnownFileType = sourcecode.swift; path = ApiUrls.swift; sourceTree = "<group>"; };
		E1A3C9EC2903F8440087605C /* Info.plist */ = {isa = PBXFileReference; lastKnownFileType = text.plist; path = Info.plist; sourceTree = "<group>"; };
		E1A3C9ED2903F8740087605C /* MoviesViewModel.swift */ = {isa = PBXFileReference; lastKnownFileType = sourcecode.swift; path = MoviesViewModel.swift; sourceTree = "<group>"; };
		E1A3C9EF2903FA1F0087605C /* ResultModel.swift */ = {isa = PBXFileReference; lastKnownFileType = sourcecode.swift; path = ResultModel.swift; sourceTree = "<group>"; };
		E1A3C9F12903FA470087605C /* AllMoviesModel.swift */ = {isa = PBXFileReference; lastKnownFileType = sourcecode.swift; path = AllMoviesModel.swift; sourceTree = "<group>"; };
		E1A3C9F32903FC1C0087605C /* MovieModel.swift */ = {isa = PBXFileReference; lastKnownFileType = sourcecode.swift; path = MovieModel.swift; sourceTree = "<group>"; };
		E1A3C9F6290403310087605C /* MovieTileView.swift */ = {isa = PBXFileReference; lastKnownFileType = sourcecode.swift; path = MovieTileView.swift; sourceTree = "<group>"; };
		E1A3C9F8290411A00087605C /* APIParamsKey.swift */ = {isa = PBXFileReference; lastKnownFileType = sourcecode.swift; path = APIParamsKey.swift; sourceTree = "<group>"; };
		E1A3C9FA290423540087605C /* MovieParamObject.swift */ = {isa = PBXFileReference; lastKnownFileType = sourcecode.swift; path = MovieParamObject.swift; sourceTree = "<group>"; };
		E1A3C9FD290454950087605C /* Extension.swift */ = {isa = PBXFileReference; lastKnownFileType = sourcecode.swift; path = Extension.swift; sourceTree = "<group>"; };
		E1A3C9FF290463F90087605C /* MovieDetailView.swift */ = {isa = PBXFileReference; lastKnownFileType = sourcecode.swift; path = MovieDetailView.swift; sourceTree = "<group>"; };
		E1A3CA0129048EE10087605C /* MovieHeaderView.swift */ = {isa = PBXFileReference; lastKnownFileType = sourcecode.swift; path = MovieHeaderView.swift; sourceTree = "<group>"; };
		E1A3CA03290490EC0087605C /* Utils.swift */ = {isa = PBXFileReference; lastKnownFileType = sourcecode.swift; path = Utils.swift; sourceTree = "<group>"; };
/* End PBXFileReference section */

/* Begin PBXFrameworksBuildPhase section */
		E1A3C9D02903F1C70087605C /* Frameworks */ = {
			isa = PBXFrameworksBuildPhase;
			buildActionMask = 2147483647;
			files = (
			);
			runOnlyForDeploymentPostprocessing = 0;
		};
/* End PBXFrameworksBuildPhase section */

/* Begin PBXGroup section */
		E1A3C9CA2903F1C70087605C = {
			isa = PBXGroup;
			children = (
				E1A3C9D52903F1C70087605C /* ExtolTest */,
				E1A3C9D42903F1C70087605C /* Products */,
			);
			sourceTree = "<group>";
		};
		E1A3C9D42903F1C70087605C /* Products */ = {
			isa = PBXGroup;
			children = (
				E1A3C9D32903F1C70087605C /* ExtolTest.app */,
			);
			name = Products;
			sourceTree = "<group>";
		};
		E1A3C9D52903F1C70087605C /* ExtolTest */ = {
			isa = PBXGroup;
			children = (
				E1A3C9EC2903F8440087605C /* Info.plist */,
				E1A3C9D62903F1C70087605C /* ExtolTestApp.swift */,
				E1A3C9DA2903F1C80087605C /* Assets.xcassets */,
				E1A3C9FC290424970087605C /* APIHelper */,
				E1A3C9F52904031A0087605C /* Cell */,
				E1A3C9E72903F22C0087605C /* Common */,
				E1A3C9E52903F1E30087605C /* Model */,
				E1A3C9DC2903F1C80087605C /* Preview Content */,
				E1A3C9E42903F1D90087605C /* ViewModel */,
				E1A3C9E62903F2200087605C /* Views */,
			);
			path = ExtolTest;
			sourceTree = "<group>";
		};
		E1A3C9DC2903F1C80087605C /* Preview Content */ = {
			isa = PBXGroup;
			children = (
				E1A3C9DD2903F1C80087605C /* Preview Assets.xcassets */,
			);
			path = "Preview Content";
			sourceTree = "<group>";
		};
		E1A3C9E42903F1D90087605C /* ViewModel */ = {
			isa = PBXGroup;
			children = (
				E1A3C9ED2903F8740087605C /* MoviesViewModel.swift */,
			);
			path = ViewModel;
			sourceTree = "<group>";
		};
		E1A3C9E52903F1E30087605C /* Model */ = {
			isa = PBXGroup;
			children = (
				E1A3C9F12903FA470087605C /* AllMoviesModel.swift */,
				E1A3C9F32903FC1C0087605C /* MovieModel.swift */,
				E1A3C9EF2903FA1F0087605C /* ResultModel.swift */,
			);
			path = Model;
			sourceTree = "<group>";
		};
		E1A3C9E62903F2200087605C /* Views */ = {
			isa = PBXGroup;
			children = (
				E1A3C9D82903F1C70087605C /* MoviesView.swift */,
				E1A3C9FF290463F90087605C /* MovieDetailView.swift */,
			);
			path = Views;
			sourceTree = "<group>";
		};
		E1A3C9E72903F22C0087605C /* Common */ = {
			isa = PBXGroup;
			children = (
				E1A3CA03290490EC0087605C /* Utils.swift */,
				E1A3C9E82903F2D50087605C /* Strings.swift */,
				E1A3C9FD290454950087605C /* Extension.swift */,
			);
			path = Common;
			sourceTree = "<group>";
		};
		E1A3C9F52904031A0087605C /* Cell */ = {
			isa = PBXGroup;
			children = (
				E1A3C9F6290403310087605C /* MovieTileView.swift */,
				E1A3CA0129048EE10087605C /* MovieHeaderView.swift */,
			);
			path = Cell;
			sourceTree = "<group>";
		};
		E1A3C9FC290424970087605C /* APIHelper */ = {
			isa = PBXGroup;
			children = (
				E1A3C9EA2903F2DE0087605C /* ApiUrls.swift */,
				E1A3C9F8290411A00087605C /* APIParamsKey.swift */,
				E1A3C9FA290423540087605C /* MovieParamObject.swift */,
			);
			path = APIHelper;
			sourceTree = "<group>";
		};
/* End PBXGroup section */

/* Begin PBXNativeTarget section */
		E1A3C9D22903F1C70087605C /* ExtolTest */ = {
			isa = PBXNativeTarget;
			buildConfigurationList = E1A3C9E12903F1C80087605C /* Build configuration list for PBXNativeTarget "ExtolTest" */;
			buildPhases = (
				E1A3C9CF2903F1C70087605C /* Sources */,
				E1A3C9D02903F1C70087605C /* Frameworks */,
				E1A3C9D12903F1C70087605C /* Resources */,
			);
			buildRules = (
			);
			dependencies = (
			);
			name = ExtolTest;
			productName = ExtolTest;
			productReference = E1A3C9D32903F1C70087605C /* ExtolTest.app */;
			productType = "com.apple.product-type.application";
		};
/* End PBXNativeTarget section */

/* Begin PBXProject section */
		E1A3C9CB2903F1C70087605C /* Project object */ = {
			isa = PBXProject;
			attributes = {
				BuildIndependentTargetsInParallel = 1;
				LastSwiftUpdateCheck = 1400;
				LastUpgradeCheck = 1400;
				TargetAttributes = {
					E1A3C9D22903F1C70087605C = {
						CreatedOnToolsVersion = 14.0.1;
					};
				};
			};
			buildConfigurationList = E1A3C9CE2903F1C70087605C /* Build configuration list for PBXProject "ExtolTest" */;
			compatibilityVersion = "Xcode 14.0";
			developmentRegion = en;
			hasScannedForEncodings = 0;
			knownRegions = (
				en,
				Base,
			);
			mainGroup = E1A3C9CA2903F1C70087605C;
			productRefGroup = E1A3C9D42903F1C70087605C /* Products */;
			projectDirPath = "";
			projectRoot = "";
			targets = (
				E1A3C9D22903F1C70087605C /* ExtolTest */,
			);
		};
/* End PBXProject section */

/* Begin PBXResourcesBuildPhase section */
		E1A3C9D12903F1C70087605C /* Resources */ = {
			isa = PBXResourcesBuildPhase;
			buildActionMask = 2147483647;
			files = (
				E1A3C9DE2903F1C80087605C /* Preview Assets.xcassets in Resources */,
				E1A3C9DB2903F1C80087605C /* Assets.xcassets in Resources */,
			);
			runOnlyForDeploymentPostprocessing = 0;
		};
/* End PBXResourcesBuildPhase section */

/* Begin PBXSourcesBuildPhase section */
		E1A3C9CF2903F1C70087605C /* Sources */ = {
			isa = PBXSourcesBuildPhase;
			buildActionMask = 2147483647;
			files = (
				E1A3C9F02903FA1F0087605C /* ResultModel.swift in Sources */,
				E1A3C9EB2903F2DE0087605C /* ApiUrls.swift in Sources */,
				E1A3C9D92903F1C70087605C /* MoviesView.swift in Sources */,
				E1A3C9FE290454950087605C /* Extension.swift in Sources */,
				E1A3C9F22903FA470087605C /* AllMoviesModel.swift in Sources */,
				E1A3CA04290490EC0087605C /* Utils.swift in Sources */,
				E1A3C9F42903FC1C0087605C /* MovieModel.swift in Sources */,
				E1A3C9E92903F2D50087605C /* Strings.swift in Sources */,
				E1A3CA00290463F90087605C /* MovieDetailView.swift in Sources */,
				E1A3C9F9290411A00087605C /* APIParamsKey.swift in Sources */,
				E1A3C9D72903F1C70087605C /* ExtolTestApp.swift in Sources */,
				E1A3C9F7290403310087605C /* MovieTileView.swift in Sources */,
				E1A3C9EE2903F8740087605C /* MoviesViewModel.swift in Sources */,
				E1A3CA0229048EE10087605C /* MovieHeaderView.swift in Sources */,
				E1A3C9FB290423540087605C /* MovieParamObject.swift in Sources */,
			);
			runOnlyForDeploymentPostprocessing = 0;
		};
/* End PBXSourcesBuildPhase section */

/* Begin XCBuildConfiguration section */
		E1A3C9DF2903F1C80087605C /* Debug */ = {
			isa = XCBuildConfiguration;
			buildSettings = {
				ALWAYS_SEARCH_USER_PATHS = NO;
				CLANG_ANALYZER_NONNULL = YES;
				CLANG_ANALYZER_NUMBER_OBJECT_CONVERSION = YES_AGGRESSIVE;
				CLANG_CXX_LANGUAGE_STANDARD = "gnu++20";
				CLANG_ENABLE_MODULES = YES;
				CLANG_ENABLE_OBJC_ARC = YES;
				CLANG_ENABLE_OBJC_WEAK = YES;
				CLANG_WARN_BLOCK_CAPTURE_AUTORELEASING = YES;
				CLANG_WARN_BOOL_CONVERSION = YES;
				CLANG_WARN_COMMA = YES;
				CLANG_WARN_CONSTANT_CONVERSION = YES;
				CLANG_WARN_DEPRECATED_OBJC_IMPLEMENTATIONS = YES;
				CLANG_WARN_DIRECT_OBJC_ISA_USAGE = YES_ERROR;
				CLANG_WARN_DOCUMENTATION_COMMENTS = YES;
				CLANG_WARN_EMPTY_BODY = YES;
				CLANG_WARN_ENUM_CONVERSION = YES;
				CLANG_WARN_INFINITE_RECURSION = YES;
				CLANG_WARN_INT_CONVERSION = YES;
				CLANG_WARN_NON_LITERAL_NULL_CONVERSION = YES;
				CLANG_WARN_OBJC_IMPLICIT_RETAIN_SELF = YES;
				CLANG_WARN_OBJC_LITERAL_CONVERSION = YES;
				CLANG_WARN_OBJC_ROOT_CLASS = YES_ERROR;
				CLANG_WARN_QUOTED_INCLUDE_IN_FRAMEWORK_HEADER = YES;
				CLANG_WARN_RANGE_LOOP_ANALYSIS = YES;
				CLANG_WARN_STRICT_PROTOTYPES = YES;
				CLANG_WARN_SUSPICIOUS_MOVE = YES;
				CLANG_WARN_UNGUARDED_AVAILABILITY = YES_AGGRESSIVE;
				CLANG_WARN_UNREACHABLE_CODE = YES;
				CLANG_WARN__DUPLICATE_METHOD_MATCH = YES;
				COPY_PHASE_STRIP = NO;
				DEBUG_INFORMATION_FORMAT = dwarf;
				ENABLE_STRICT_OBJC_MSGSEND = YES;
				ENABLE_TESTABILITY = YES;
				GCC_C_LANGUAGE_STANDARD = gnu11;
				GCC_DYNAMIC_NO_PIC = NO;
				GCC_NO_COMMON_BLOCKS = YES;
				GCC_OPTIMIZATION_LEVEL = 0;
				GCC_PREPROCESSOR_DEFINITIONS = (
					"DEBUG=1",
					"$(inherited)",
				);
				GCC_WARN_64_TO_32_BIT_CONVERSION = YES;
				GCC_WARN_ABOUT_RETURN_TYPE = YES_ERROR;
				GCC_WARN_UNDECLARED_SELECTOR = YES;
				GCC_WARN_UNINITIALIZED_AUTOS = YES_AGGRESSIVE;
				GCC_WARN_UNUSED_FUNCTION = YES;
				GCC_WARN_UNUSED_VARIABLE = YES;
				IPHONEOS_DEPLOYMENT_TARGET = 16.0;
				MTL_ENABLE_DEBUG_INFO = INCLUDE_SOURCE;
				MTL_FAST_MATH = YES;
				ONLY_ACTIVE_ARCH = YES;
				SDKROOT = iphoneos;
				SWIFT_ACTIVE_COMPILATION_CONDITIONS = DEBUG;
				SWIFT_OPTIMIZATION_LEVEL = "-Onone";
			};
			name = Debug;
		};
		E1A3C9E02903F1C80087605C /* Release */ = {
			isa = XCBuildConfiguration;
			buildSettings = {
				ALWAYS_SEARCH_USER_PATHS = NO;
				CLANG_ANALYZER_NONNULL = YES;
				CLANG_ANALYZER_NUMBER_OBJECT_CONVERSION = YES_AGGRESSIVE;
				CLANG_CXX_LANGUAGE_STANDARD = "gnu++20";
				CLANG_ENABLE_MODULES = YES;
				CLANG_ENABLE_OBJC_ARC = YES;
				CLANG_ENABLE_OBJC_WEAK = YES;
				CLANG_WARN_BLOCK_CAPTURE_AUTORELEASING = YES;
				CLANG_WARN_BOOL_CONVERSION = YES;
				CLANG_WARN_COMMA = YES;
				CLANG_WARN_CONSTANT_CONVERSION = YES;
				CLANG_WARN_DEPRECATED_OBJC_IMPLEMENTATIONS = YES;
				CLANG_WARN_DIRECT_OBJC_ISA_USAGE = YES_ERROR;
				CLANG_WARN_DOCUMENTATION_COMMENTS = YES;
				CLANG_WARN_EMPTY_BODY = YES;
				CLANG_WARN_ENUM_CONVERSION = YES;
				CLANG_WARN_INFINITE_RECURSION = YES;
				CLANG_WARN_INT_CONVERSION = YES;
				CLANG_WARN_NON_LITERAL_NULL_CONVERSION = YES;
				CLANG_WARN_OBJC_IMPLICIT_RETAIN_SELF = YES;
				CLANG_WARN_OBJC_LITERAL_CONVERSION = YES;
				CLANG_WARN_OBJC_ROOT_CLASS = YES_ERROR;
				CLANG_WARN_QUOTED_INCLUDE_IN_FRAMEWORK_HEADER = YES;
				CLANG_WARN_RANGE_LOOP_ANALYSIS = YES;
				CLANG_WARN_STRICT_PROTOTYPES = YES;
				CLANG_WARN_SUSPICIOUS_MOVE = YES;
				CLANG_WARN_UNGUARDED_AVAILABILITY = YES_AGGRESSIVE;
				CLANG_WARN_UNREACHABLE_CODE = YES;
				CLANG_WARN__DUPLICATE_METHOD_MATCH = YES;
				COPY_PHASE_STRIP = NO;
				DEBUG_INFORMATION_FORMAT = "dwarf-with-dsym";
				ENABLE_NS_ASSERTIONS = NO;
				ENABLE_STRICT_OBJC_MSGSEND = YES;
				GCC_C_LANGUAGE_STANDARD = gnu11;
				GCC_NO_COMMON_BLOCKS = YES;
				GCC_WARN_64_TO_32_BIT_CONVERSION = YES;
				GCC_WARN_ABOUT_RETURN_TYPE = YES_ERROR;
				GCC_WARN_UNDECLARED_SELECTOR = YES;
				GCC_WARN_UNINITIALIZED_AUTOS = YES_AGGRESSIVE;
				GCC_WARN_UNUSED_FUNCTION = YES;
				GCC_WARN_UNUSED_VARIABLE = YES;
				IPHONEOS_DEPLOYMENT_TARGET = 16.0;
				MTL_ENABLE_DEBUG_INFO = NO;
				MTL_FAST_MATH = YES;
				SDKROOT = iphoneos;
				SWIFT_COMPILATION_MODE = wholemodule;
				SWIFT_OPTIMIZATION_LEVEL = "-O";
				VALIDATE_PRODUCT = YES;
			};
			name = Release;
		};
		E1A3C9E22903F1C80087605C /* Debug */ = {
			isa = XCBuildConfiguration;
			buildSettings = {
				ASSETCATALOG_COMPILER_APPICON_NAME = AppIcon;
				ASSETCATALOG_COMPILER_GLOBAL_ACCENT_COLOR_NAME = AccentColor;
				CODE_SIGN_STYLE = Automatic;
				CURRENT_PROJECT_VERSION = 1;
				DEVELOPMENT_ASSET_PATHS = "\"ExtolTest/Preview Content\"";
				DEVELOPMENT_TEAM = PJ6ZYJ82NX;
				ENABLE_PREVIEWS = YES;
				GENERATE_INFOPLIST_FILE = YES;
				INFOPLIST_FILE = ExtolTest/Info.plist;
				INFOPLIST_KEY_UIApplicationSceneManifest_Generation = YES;
				INFOPLIST_KEY_UIApplicationSupportsIndirectInputEvents = YES;
				INFOPLIST_KEY_UILaunchScreen_Generation = YES;
				INFOPLIST_KEY_UISupportedInterfaceOrientations_iPad = "UIInterfaceOrientationPortrait UIInterfaceOrientationPortraitUpsideDown UIInterfaceOrientationLandscapeLeft UIInterfaceOrientationLandscapeRight";
				INFOPLIST_KEY_UISupportedInterfaceOrientations_iPhone = "UIInterfaceOrientationPortrait UIInterfaceOrientationLandscapeLeft UIInterfaceOrientationLandscapeRight";
				LD_RUNPATH_SEARCH_PATHS = (
					"$(inherited)",
					"@executable_path/Frameworks",
				);
				MARKETING_VERSION = 1.0;
				PRODUCT_BUNDLE_IDENTIFIER = com.zeeshan.ExtolTest;
				PRODUCT_NAME = "$(TARGET_NAME)";
				SWIFT_EMIT_LOC_STRINGS = YES;
				SWIFT_VERSION = 5.0;
				TARGETED_DEVICE_FAMILY = "1,2";
			};
			name = Debug;
		};
		E1A3C9E32903F1C80087605C /* Release */ = {
			isa = XCBuildConfiguration;
			buildSettings = {
				ASSETCATALOG_COMPILER_APPICON_NAME = AppIcon;
				ASSETCATALOG_COMPILER_GLOBAL_ACCENT_COLOR_NAME = AccentColor;
				CODE_SIGN_STYLE = Automatic;
				CURRENT_PROJECT_VERSION = 1;
				DEVELOPMENT_ASSET_PATHS = "\"ExtolTest/Preview Content\"";
				DEVELOPMENT_TEAM = PJ6ZYJ82NX;
				ENABLE_PREVIEWS = YES;
				GENERATE_INFOPLIST_FILE = YES;
				INFOPLIST_FILE = ExtolTest/Info.plist;
				INFOPLIST_KEY_UIApplicationSceneManifest_Generation = YES;
				INFOPLIST_KEY_UIApplicationSupportsIndirectInputEvents = YES;
				INFOPLIST_KEY_UILaunchScreen_Generation = YES;
				INFOPLIST_KEY_UISupportedInterfaceOrientations_iPad = "UIInterfaceOrientationPortrait UIInterfaceOrientationPortraitUpsideDown UIInterfaceOrientationLandscapeLeft UIInterfaceOrientationLandscapeRight";
				INFOPLIST_KEY_UISupportedInterfaceOrientations_iPhone = "UIInterfaceOrientationPortrait UIInterfaceOrientationLandscapeLeft UIInterfaceOrientationLandscapeRight";
				LD_RUNPATH_SEARCH_PATHS = (
					"$(inherited)",
					"@executable_path/Frameworks",
				);
				MARKETING_VERSION = 1.0;
				PRODUCT_BUNDLE_IDENTIFIER = com.zeeshan.ExtolTest;
				PRODUCT_NAME = "$(TARGET_NAME)";
				SWIFT_EMIT_LOC_STRINGS = YES;
				SWIFT_VERSION = 5.0;
				TARGETED_DEVICE_FAMILY = "1,2";
			};
			name = Release;
		};
/* End XCBuildConfiguration section */

/* Begin XCConfigurationList section */
		E1A3C9CE2903F1C70087605C /* Build configuration list for PBXProject "ExtolTest" */ = {
			isa = XCConfigurationList;
			buildConfigurations = (
				E1A3C9DF2903F1C80087605C /* Debug */,
				E1A3C9E02903F1C80087605C /* Release */,
			);
			defaultConfigurationIsVisible = 0;
			defaultConfigurationName = Release;
		};
		E1A3C9E12903F1C80087605C /* Build configuration list for PBXNativeTarget "ExtolTest" */ = {
			isa = XCConfigurationList;
			buildConfigurations = (
				E1A3C9E22903F1C80087605C /* Debug */,
				E1A3C9E32903F1C80087605C /* Release */,
			);
			defaultConfigurationIsVisible = 0;
			defaultConfigurationName = Release;
		};
/* End XCConfigurationList section */
	};
	rootObject = E1A3C9CB2903F1C70087605C /* Project object */;
}
